
Microsoft Visual Studio Solution File, Format Version 12.00
# Visual Studio Version 16
VisualStudioVersion = 16.0.31613.86
MinimumVisualStudioVersion = 10.0.40219.1
Project("{FAE04EC0-301F-11D3-BF4B-00C04F79EFBC}") = "RazorPagesMovie", "RazorPagesMovie.csproj", "{F06CA6D6-91FE-42A5-A054-1E8BDE88EE97}"
EndProject
Global
	GlobalSection(SolutionConfigurationPlatforms) = preSolution
		Debug|Any CPU = Debug|Any CPU
		Release|Any CPU = Release|Any CPU
	EndGlobalSection
	GlobalSection(ProjectConfigurationPlatforms) = postSolution
		{F06CA6D6-91FE-42A5-A054-1E8BDE88EE97}.Debug|Any CPU.ActiveCfg = Debug|Any CPU
		{F06CA6D6-91FE-42A5-A054-1E8BDE88EE97}.Debug|Any CPU.Build.0 = Debug|Any CPU
		{F06CA6D6-91FE-42A5-A054-1E8BDE88EE97}.Release|Any CPU.ActiveCfg = Release|Any CPU
		{F06CA6D6-91FE-42A5-A054-1E8BDE88EE97}.Release|Any CPU.Build.0 = Release|Any CPU
	EndGlobalSection
	GlobalSection(SolutionProperties) = preSolution
		HideSolutionNode = FALSE
	EndGlobalSection
	GlobalSection(ExtensibilityGlobals) = postSolution
		SolutionGuid = {D736D63D-02BF-433C-A764-9E650F140B64}
	EndGlobalSection
EndGlobal
